
Microsoft Visual Studio Solution File, Format Version 12.00
# Visual Studio Version 17
VisualStudioVersion = 17.0.31903.59
MinimumVisualStudioVersion = 10.0.40219.1
Project("{2150E333-8FDC-42A3-9474-1A3956D46DE8}") = "src", "src", "{AA627BF6-1D99-4F93-9297-31EB067FACB4}"
EndProject
Project("{FAE04EC0-301F-11D3-BF4B-00C04F79EFBC}") = "AirClip.Core", "src\AirClip.Core\AirClip.Core.csproj", "{62DEFC2F-4C63-464F-A037-1234E647C09E}"
EndProject
Project("{FAE04EC0-301F-11D3-BF4B-00C04F79EFBC}") = "AirClip.Platform.Windows", "src\AirClip.Platform.Windows\AirClip.Platform.Windows.csproj", "{D87AC834-9EA7-4845-B72E-CBD49C56E1DC}"
EndProject
Project("{2150E333-8FDC-42A3-9474-1A3956D46DE8}") = "tests", "tests", "{82087CBF-05D9-411D-A162-3EDB78D971BE}"
EndProject
Project("{FAE04EC0-301F-11D3-BF4B-00C04F79EFBC}") = "AirClip.Core.Tests", "tests\AirClip.Core.Tests\AirClip.Core.Tests.csproj", "{B7CCD161-D6BD-4C1B-8FE8-206E85DF79EF}"
EndProject
Project("{2150E333-8FDC-42A3-9474-1A3956D46DE8}") = "tools", "tools", "{C3E450CF-F2D9-489C-AD5F-E2C253C2A897}"
EndProject
Project("{FAE04EC0-301F-11D3-BF4B-00C04F79EFBC}") = "AirClip.ClipboardProbe", "tools\AirClip.ClipboardProbe\AirClip.ClipboardProbe.csproj", "{2E7485FE-F7C1-41DD-98A8-BE40CBAA5AE9}"
EndProject
Project("{FAE04EC0-301F-11D3-BF4B-00C04F79EFBC}") = "AirClip.App", "src\AirClip.App\AirClip.App.csproj", "{41C613BA-54FD-4D95-AAA3-6D02F622A0A2}"
EndProject
Project("{FAE04EC0-301F-11D3-BF4B-00C04F79EFBC}") = "AirClip.Crypto", "src\AirClip.Crypto\AirClip.Crypto.csproj", "{6AB44A82-9280-4CC5-9352-FBF3C5949D54}"
EndProject
Project("{FAE04EC0-301F-11D3-BF4B-00C04F79EFBC}") = "AirClip.Discovery", "src\AirClip.Discovery\AirClip.Discovery.csproj", "{E7DF314C-524E-493C-AF53-9752E98C28C8}"
EndProject
Project("{FAE04EC0-301F-11D3-BF4B-00C04F79EFBC}") = "AirClip.Net", "src\AirClip.Net\AirClip.Net.csproj", "{B3ED34FE-C611-451F-92D9-40E035456E80}"
EndProject
Project("{FAE04EC0-301F-11D3-BF4B-00C04F79EFBC}") = "AirClip.Sync.Tests", "tests\AirClip.Sync.Tests\AirClip.Sync.Tests.csproj", "{C2E6E56D-7FFA-4160-B4F9-C1D5C27FC2BB}"
EndProject
Global
	GlobalSection(SolutionConfigurationPlatforms) = preSolution
		Debug|Any CPU = Debug|Any CPU
		Release|Any CPU = Release|Any CPU
	EndGlobalSection
	GlobalSection(SolutionProperties) = preSolution
		HideSolutionNode = FALSE
	EndGlobalSection
	GlobalSection(ProjectConfigurationPlatforms) = postSolution
		{62DEFC2F-4C63-464F-A037-1234E647C09E}.Debug|Any CPU.ActiveCfg = Debug|Any CPU
		{62DEFC2F-4C63-464F-A037-1234E647C09E}.Debug|Any CPU.Build.0 = Debug|Any CPU
		{62DEFC2F-4C63-464F-A037-1234E647C09E}.Release|Any CPU.ActiveCfg = Release|Any CPU
		{62DEFC2F-4C63-464F-A037-1234E647C09E}.Release|Any CPU.Build.0 = Release|Any CPU
		{D87AC834-9EA7-4845-B72E-CBD49C56E1DC}.Debug|Any CPU.ActiveCfg = Debug|Any CPU
		{D87AC834-9EA7-4845-B72E-CBD49C56E1DC}.Debug|Any CPU.Build.0 = Debug|Any CPU
		{D87AC834-9EA7-4845-B72E-CBD49C56E1DC}.Release|Any CPU.ActiveCfg = Release|Any CPU
		{D87AC834-9EA7-4845-B72E-CBD49C56E1DC}.Release|Any CPU.Build.0 = Release|Any CPU
		{B7CCD161-D6BD-4C1B-8FE8-206E85DF79EF}.Debug|Any CPU.ActiveCfg = Debug|Any CPU
		{B7CCD161-D6BD-4C1B-8FE8-206E85DF79EF}.Debug|Any CPU.Build.0 = Debug|Any CPU
		{B7CCD161-D6BD-4C1B-8FE8-206E85DF79EF}.Release|Any CPU.ActiveCfg = Release|Any CPU
		{B7CCD161-D6BD-4C1B-8FE8-206E85DF79EF}.Release|Any CPU.Build.0 = Release|Any CPU
		{2E7485FE-F7C1-41DD-98A8-BE40CBAA5AE9}.Debug|Any CPU.ActiveCfg = Debug|Any CPU
		{2E7485FE-F7C1-41DD-98A8-BE40CBAA5AE9}.Debug|Any CPU.Build.0 = Debug|Any CPU
		{2E7485FE-F7C1-41DD-98A8-BE40CBAA5AE9}.Release|Any CPU.ActiveCfg = Release|Any CPU
		{2E7485FE-F7C1-41DD-98A8-BE40CBAA5AE9}.Release|Any CPU.Build.0 = Release|Any CPU
		{41C613BA-54FD-4D95-AAA3-6D02F622A0A2}.Debug|Any CPU.ActiveCfg = Debug|Any CPU
		{41C613BA-54FD-4D95-AAA3-6D02F622A0A2}.Debug|Any CPU.Build.0 = Debug|Any CPU
		{41C613BA-54FD-4D95-AAA3-6D02F622A0A2}.Release|Any CPU.ActiveCfg = Release|Any CPU
		{41C613BA-54FD-4D95-AAA3-6D02F622A0A2}.Release|Any CPU.Build.0 = Release|Any CPU
		{6AB44A82-9280-4CC5-9352-FBF3C5949D54}.Debug|Any CPU.ActiveCfg = Debug|Any CPU
		{6AB44A82-9280-4CC5-9352-FBF3C5949D54}.Debug|Any CPU.Build.0 = Debug|Any CPU
		{6AB44A82-9280-4CC5-9352-FBF3C5949D54}.Release|Any CPU.ActiveCfg = Release|Any CPU
		{6AB44A82-9280-4CC5-9352-FBF3C5949D54}.Release|Any CPU.Build.0 = Release|Any CPU
		{E7DF314C-524E-493C-AF53-9752E98C28C8}.Debug|Any CPU.ActiveCfg = Debug|Any CPU
		{E7DF314C-524E-493C-AF53-9752E98C28C8}.Debug|Any CPU.Build.0 = Debug|Any CPU
		{E7DF314C-524E-493C-AF53-9752E98C28C8}.Release|Any CPU.ActiveCfg = Release|Any CPU
		{E7DF314C-524E-493C-AF53-9752E98C28C8}.Release|Any CPU.Build.0 = Release|Any CPU
		{B3ED34FE-C611-451F-92D9-40E035456E80}.Debug|Any CPU.ActiveCfg = Debug|Any CPU
		{B3ED34FE-C611-451F-92D9-40E035456E80}.Debug|Any CPU.Build.0 = Debug|Any CPU
		{B3ED34FE-C611-451F-92D9-40E035456E80}.Release|Any CPU.ActiveCfg = Release|Any CPU
		{B3ED34FE-C611-451F-92D9-40E035456E80}.Release|Any CPU.Build.0 = Release|Any CPU
		{C2E6E56D-7FFA-4160-B4F9-C1D5C27FC2BB}.Debug|Any CPU.ActiveCfg = Debug|Any CPU
		{C2E6E56D-7FFA-4160-B4F9-C1D5C27FC2BB}.Debug|Any CPU.Build.0 = Debug|Any CPU
		{C2E6E56D-7FFA-4160-B4F9-C1D5C27FC2BB}.Release|Any CPU.ActiveCfg = Release|Any CPU
		{C2E6E56D-7FFA-4160-B4F9-C1D5C27FC2BB}.Release|Any CPU.Build.0 = Release|Any CPU
	EndGlobalSection
	GlobalSection(NestedProjects) = preSolution
		{62DEFC2F-4C63-464F-A037-1234E647C09E} = {AA627BF6-1D99-4F93-9297-31EB067FACB4}
		{D87AC834-9EA7-4845-B72E-CBD49C56E1DC} = {AA627BF6-1D99-4F93-9297-31EB067FACB4}
		{B7CCD161-D6BD-4C1B-8FE8-206E85DF79EF} = {82087CBF-05D9-411D-A162-3EDB78D971BE}
		{2E7485FE-F7C1-41DD-98A8-BE40CBAA5AE9} = {C3E450CF-F2D9-489C-AD5F-E2C253C2A897}
		{41C613BA-54FD-4D95-AAA3-6D02F622A0A2} = {AA627BF6-1D99-4F93-9297-31EB067FACB4}
		{6AB44A82-9280-4CC5-9352-FBF3C5949D54} = {AA627BF6-1D99-4F93-9297-31EB067FACB4}
		{E7DF314C-524E-493C-AF53-9752E98C28C8} = {AA627BF6-1D99-4F93-9297-31EB067FACB4}
		{B3ED34FE-C611-451F-92D9-40E035456E80} = {AA627BF6-1D99-4F93-9297-31EB067FACB4}
		{C2E6E56D-7FFA-4160-B4F9-C1D5C27FC2BB} = {82087CBF-05D9-411D-A162-3EDB78D971BE}
	EndGlobalSection
EndGlobal
